{
  "version": 4,
  "terraform_version": "1.13.5",
  "serial": 200,
  "lineage": "4740f86d-54e1-df0f-907d-4581ea9e667d",
  "outputs": {},
  "resources": [
    {
      "module": "module.Task4-ECS-Zaeem",
      "mode": "managed",
      "type": "aws_db_instance",
      "name": "task4_mysql",
      "provider": "provider[\"registry.terraform.io/hashicorp/aws\"]",
      "instances": [
        {
          "schema_version": 2,
          "attributes": {
            "address": "task4-mysql.cuoj6ci9wmw9.us-west-2.rds.amazonaws.com",
            "allocated_storage": 20,
            "allow_major_version_upgrade": null,
            "apply_immediately": false,
            "arn": "arn:aws:rds:us-west-2:504649076991:db:task4-mysql",
            "auto_minor_version_upgrade": true,
            "availability_zone": "us-west-2b",
            "backup_retention_period": 0,
            "backup_target": "region",
            "backup_window": "08:25-08:55",
            "blue_green_update": [],
            "ca_cert_identifier": "rds-ca-rsa2048-g1",
            "character_set_name": "",
            "copy_tags_to_snapshot": false,
            "custom_iam_instance_profile": "",
            "customer_owned_ip_enabled": false,
            "database_insights_mode": "standard",
            "db_name": "wordpressdb",
            "db_subnet_group_name": "task4-rds-subnet-group",
            "dedicated_log_volume": false,
            "delete_automated_backups": true,
            "deletion_protection": false,
            "domain": "",
            "domain_auth_secret_arn": "",
            "domain_dns_ips": null,
            "domain_fqdn": "",
            "domain_iam_role_name": "",
            "domain_ou": "",
            "enabled_cloudwatch_logs_exports": null,
            "endpoint": "task4-mysql.cuoj6ci9wmw9.us-west-2.rds.amazonaws.com:3306",
            "engine": "mysql",
            "engine_lifecycle_support": "open-source-rds-extended-support",
            "engine_version": "8.0",
            "engine_version_actual": "8.0.43",
            "final_snapshot_identifier": null,
            "hosted_zone_id": "Z1PVIF0B656C1W",
            "iam_database_authentication_enabled": false,
            "id": "db-GMFIMWXOH4XFJCEK5W62D6C7VY",
            "identifier": "task4-mysql",
            "identifier_prefix": "",
            "instance_class": "db.t3.micro",
            "iops": 0,
            "kms_key_id": "",
            "latest_restorable_time": "",
            "license_model": "general-public-license",
            "listener_endpoint": [],
            "maintenance_window": "mon:06:18-mon:06:48",
            "manage_master_user_password": null,
            "master_user_secret": [],
            "master_user_secret_kms_key_id": null,
            "max_allocated_storage": 0,
            "monitoring_interval": 0,
            "monitoring_role_arn": "",
            "multi_az": false,
            "nchar_character_set_name": "",
            "network_type": "IPV4",
            "option_group_name": "default:mysql-8-0",
            "parameter_group_name": "default.mysql8.0",
            "password": "YourPassword123!",
            "password_wo": null,
            "password_wo_version": null,
            "performance_insights_enabled": false,
            "performance_insights_kms_key_id": "",
            "performance_insights_retention_period": 0,
            "port": 3306,
            "publicly_accessible": false,
            "region": "us-west-2",
            "replica_mode": "",
            "replicas": [],
            "replicate_source_db": "",
            "resource_id": "db-GMFIMWXOH4XFJCEK5W62D6C7VY",
            "restore_to_point_in_time": [],
            "s3_import": [],
            "skip_final_snapshot": true,
            "snapshot_identifier": null,
            "status": "available",
            "storage_encrypted": false,
            "storage_throughput": 0,
            "storage_type": "gp2",
            "tags": null,
            "tags_all": {},
            "timeouts": null,
            "timezone": "",
            "upgrade_storage_config": null,
            "username": "root",
            "vpc_security_group_ids": [
              "sg-0b0952e5a762276cb"
            ]
          },
          "sensitive_attributes": [
            [
              {
                "type": "get_attr",
                "value": "password"
              }
            ],
            [
              {
                "type": "get_attr",
                "value": "password_wo"
              }
            ]
          ],
          "identity_schema_version": 0,
          "private": "eyJlMmJmYjczMC1lY2FhLTExZTYtOGY4OC0zNDM2M2JjN2M0YzAiOnsiY3JlYXRlIjozMDAwMDAwMDAwMDAwLCJkZWxldGUiOjM2MDAwMDAwMDAwMDAsInVwZGF0ZSI6NDgwMDAwMDAwMDAwMH0sInNjaGVtYV92ZXJzaW9uIjoiMiJ9",
          "dependencies": [
            "module.Task4-ECS-Zaeem.aws_db_subnet_group.rds_subnet_group",
            "module.Task4-ECS-Zaeem.aws_security_group.rds_sg",
            "module.Task4-Network-zaeem.aws_subnet.Task4-publicSNA-zaeem",
            "module.Task4-Network-zaeem.aws_subnet.Task4-publicSNB-zaeem",
            "module.Task4-Network-zaeem.aws_vpc.Task4-vpc-zaeem",
            "module.Task4-SG-Zaeem.aws_security_group.Task4-SG-Zaeem"
          ]
        }
      ]
    },
    {
      "module": "module.Task4-ECS-Zaeem",
      "mode": "managed",
      "type": "aws_db_subnet_group",
      "name": "rds_subnet_group",
      "provider": "provider[\"registry.terraform.io/hashicorp/aws\"]",
      "instances": [
        {
          "schema_version": 0,
          "attributes": {
            "arn": "arn:aws:rds:us-west-2:504649076991:subgrp:task4-rds-subnet-group",
            "description": "Managed by Terraform",
            "id": "task4-rds-subnet-group",
            "name": "task4-rds-subnet-group",
            "name_prefix": "",
            "region": "us-west-2",
            "subnet_ids": [
              "subnet-029b88bd381a2683e",
              "subnet-0c17f4818a6ca789b"
            ],
            "supported_network_types": [
              "IPV4"
            ],
            "tags": {
              "Name": "task4-rds-subnet-group"
            },
            "tags_all": {
              "Name": "task4-rds-subnet-group"
            },
            "vpc_id": "vpc-07a1bacdbe68c95d8"
          },
          "sensitive_attributes": [],
          "identity_schema_version": 0,
          "private": "bnVsbA==",
          "dependencies": [
            "module.Task4-Network-zaeem.aws_subnet.Task4-publicSNA-zaeem",
            "module.Task4-Network-zaeem.aws_subnet.Task4-publicSNB-zaeem",
            "module.Task4-Network-zaeem.aws_vpc.Task4-vpc-zaeem"
          ]
        }
      ]
    },
    {
      "module": "module.Task4-ECS-Zaeem",
      "mode": "managed",
      "type": "aws_ecs_cluster",
      "name": "Task4-ECS-Cluster-Zaeem",
      "provider": "provider[\"registry.terraform.io/hashicorp/aws\"]",
      "instances": [
        {
          "schema_version": 0,
          "attributes": {
            "arn": "arn:aws:ecs:us-west-2:504649076991:cluster/Task4-ECS-Cluster-Zaeem",
            "configuration": [],
            "id": "arn:aws:ecs:us-west-2:504649076991:cluster/Task4-ECS-Cluster-Zaeem",
            "name": "Task4-ECS-Cluster-Zaeem",
            "region": "us-west-2",
            "service_connect_defaults": [],
            "setting": [
              {
                "name": "containerInsights",
                "value": "disabled"
              }
            ],
            "tags": {},
            "tags_all": {}
          },
          "sensitive_attributes": [],
          "identity_schema_version": 0,
          "private": "bnVsbA=="
        }
      ]
    },
    {
      "module": "module.Task4-ECS-Zaeem",
      "mode": "managed",
      "type": "aws_ecs_service",
      "name": "Task4-ECS-Service-Zaeem",
      "provider": "provider[\"registry.terraform.io/hashicorp/aws\"]",
      "instances": [
        {
          "schema_version": 1,
          "attributes": {
            "alarms": [],
            "arn": "arn:aws:ecs:us-west-2:504649076991:service/Task4-ECS-Cluster-Zaeem/Task4-ECS-Service-Zaeem",
            "availability_zone_rebalancing": "ENABLED",
            "capacity_provider_strategy": [],
            "cluster": "arn:aws:ecs:us-west-2:504649076991:cluster/Task4-ECS-Cluster-Zaeem",
            "deployment_circuit_breaker": [
              {
                "enable": false,
                "rollback": false
              }
            ],
            "deployment_configuration": [
              {
                "bake_time_in_minutes": "0",
                "lifecycle_hook": [],
                "strategy": "ROLLING"
              }
            ],
            "deployment_controller": [
              {
                "type": "ECS"
              }
            ],
            "deployment_maximum_percent": 200,
            "deployment_minimum_healthy_percent": 100,
            "desired_count": 2,
            "enable_ecs_managed_tags": false,
            "enable_execute_command": false,
            "force_delete": null,
            "force_new_deployment": null,
            "health_check_grace_period_seconds": 0,
            "iam_role": "/aws-service-role/ecs.amazonaws.com/AWSServiceRoleForECS",
            "id": "arn:aws:ecs:us-west-2:504649076991:service/Task4-ECS-Cluster-Zaeem/Task4-ECS-Service-Zaeem",
            "launch_type": "FARGATE",
            "load_balancer": [],
            "name": "Task4-ECS-Service-Zaeem",
            "network_configuration": [
              {
                "assign_public_ip": true,
                "security_groups": [
                  "sg-05c23daaf70330e2e"
                ],
                "subnets": [
                  "subnet-029b88bd381a2683e",
                  "subnet-0c17f4818a6ca789b"
                ]
              }
            ],
            "ordered_placement_strategy": [],
            "placement_constraints": [],
            "platform_version": "LATEST",
            "propagate_tags": "NONE",
            "region": "us-west-2",
            "scheduling_strategy": "REPLICA",
            "service_connect_configuration": [],
            "service_registries": [],
            "sigint_rollback": null,
            "tags": null,
            "tags_all": {},
            "task_definition": "arn:aws:ecs:us-west-2:504649076991:task-definition/Task4FamilyZaeem:8",
            "timeouts": null,
            "triggers": {},
            "volume_configuration": [],
            "vpc_lattice_configurations": [],
            "wait_for_steady_state": false
          },
          "sensitive_attributes": [],
          "identity_schema_version": 0,
          "private": "eyJlMmJmYjczMC1lY2FhLTExZTYtOGY4OC0zNDM2M2JjN2M0YzAiOnsiY3JlYXRlIjoxMjAwMDAwMDAwMDAwLCJkZWxldGUiOjEyMDAwMDAwMDAwMDAsInVwZGF0ZSI6MTIwMDAwMDAwMDAwMH0sInNjaGVtYV92ZXJzaW9uIjoiMSJ9",
          "dependencies": [
            "module.Task4-ECS-Zaeem.aws_db_instance.task4_mysql",
            "module.Task4-ECS-Zaeem.aws_db_subnet_group.rds_subnet_group",
            "module.Task4-ECS-Zaeem.aws_ecs_cluster.Task4-ECS-Cluster-Zaeem",
            "module.Task4-ECS-Zaeem.aws_ecs_task_definition.Task4-TaskDefinition-Zaeem",
            "module.Task4-ECS-Zaeem.aws_iam_role.ecs_task_execution_role",
            "module.Task4-ECS-Zaeem.aws_security_group.rds_sg",
            "module.Task4-Network-zaeem.aws_subnet.Task4-publicSNA-zaeem",
            "module.Task4-Network-zaeem.aws_subnet.Task4-publicSNB-zaeem",
            "module.Task4-Network-zaeem.aws_vpc.Task4-vpc-zaeem",
            "module.Task4-SG-Zaeem.aws_security_group.Task4-SG-Zaeem"
          ]
        }
      ]
    },
    {
      "module": "module.Task4-ECS-Zaeem",
      "mode": "managed",
      "type": "aws_ecs_task_definition",
      "name": "Task4-TaskDefinition-Zaeem",
      "provider": "provider[\"registry.terraform.io/hashicorp/aws\"]",
      "instances": [
        {
          "schema_version": 1,
          "attributes": {
            "arn": "arn:aws:ecs:us-west-2:504649076991:task-definition/Task4FamilyZaeem:8",
            "arn_without_revision": "arn:aws:ecs:us-west-2:504649076991:task-definition/Task4FamilyZaeem",
            "container_definitions": "[{\"cpu\":256,\"environment\":[{\"name\":\"WORDPRESS_DB_HOST\",\"value\":\"task4-mysql.cuoj6ci9wmw9.us-west-2.rds.amazonaws.com\"},{\"name\":\"WORDPRESS_DB_NAME\",\"value\":\"wordpressdb\"},{\"name\":\"WORDPRESS_DB_PASSWORD\",\"value\":\"YourPassword123!\"},{\"name\":\"WORDPRESS_DB_USER\",\"value\":\"root\"}],\"essential\":true,\"image\":\"wordpress:6.8.3-php8.1-apache\",\"memory\":512,\"mountPoints\":[],\"name\":\"wordpressno-container\",\"portMappings\":[{\"containerPort\":80,\"hostPort\":80,\"protocol\":\"tcp\"}],\"systemControls\":[],\"volumesFrom\":[]}]",
            "cpu": "512",
            "enable_fault_injection": false,
            "ephemeral_storage": [],
            "execution_role_arn": "arn:aws:iam::504649076991:role/ecsTaskExecutionRoleZaeem",
            "family": "Task4FamilyZaeem",
            "id": "Task4FamilyZaeem",
            "ipc_mode": "",
            "memory": "1024",
            "network_mode": "awsvpc",
            "pid_mode": "",
            "placement_constraints": [],
            "proxy_configuration": [],
            "region": "us-west-2",
            "requires_compatibilities": [
              "FARGATE"
            ],
            "revision": 8,
            "runtime_platform": [],
            "skip_destroy": false,
            "tags": null,
            "tags_all": {},
            "task_role_arn": "",
            "track_latest": false,
            "volume": []
          },
          "sensitive_attributes": [],
          "identity_schema_version": 0,
          "private": "eyJzY2hlbWFfdmVyc2lvbiI6IjEifQ==",
          "dependencies": [
            "module.Task4-ECS-Zaeem.aws_db_instance.task4_mysql",
            "module.Task4-ECS-Zaeem.aws_db_subnet_group.rds_subnet_group",
            "module.Task4-ECS-Zaeem.aws_iam_role.ecs_task_execution_role",
            "module.Task4-ECS-Zaeem.aws_security_group.rds_sg",
            "module.Task4-Network-zaeem.aws_subnet.Task4-publicSNA-zaeem",
            "module.Task4-Network-zaeem.aws_subnet.Task4-publicSNB-zaeem",
            "module.Task4-Network-zaeem.aws_vpc.Task4-vpc-zaeem",
            "module.Task4-SG-Zaeem.aws_security_group.Task4-SG-Zaeem"
          ]
        }
      ]
    },
    {
      "module": "module.Task4-ECS-Zaeem",
      "mode": "managed",
      "type": "aws_iam_role",
      "name": "ecs_task_execution_role",
      "provider": "provider[\"registry.terraform.io/hashicorp/aws\"]",
      "instances": [
        {
          "schema_version": 0,
          "attributes": {
            "arn": "arn:aws:iam::504649076991:role/ecsTaskExecutionRoleZaeem",
            "assume_role_policy": "{\"Statement\":[{\"Action\":\"sts:AssumeRole\",\"Effect\":\"Allow\",\"Principal\":{\"Service\":\"ecs-tasks.amazonaws.com\"}}],\"Version\":\"2012-10-17\"}",
            "create_date": "2025-11-14T20:16:09Z",
            "description": "",
            "force_detach_policies": false,
            "id": "ecsTaskExecutionRoleZaeem",
            "inline_policy": [],
            "managed_policy_arns": [
              "arn:aws:iam::aws:policy/service-role/AmazonECSTaskExecutionRolePolicy"
            ],
            "max_session_duration": 3600,
            "name": "ecsTaskExecutionRoleZaeem",
            "name_prefix": "",
            "path": "/",
            "permissions_boundary": "",
            "tags": {},
            "tags_all": {},
            "unique_id": "AROAXK73N2D7QBROPHHDI"
          },
          "sensitive_attributes": [],
          "identity_schema_version": 0,
          "identity": {
            "account_id": "504649076991",
            "name": "ecsTaskExecutionRoleZaeem"
          },
          "private": "bnVsbA=="
        }
      ]
    },
    {
      "module": "module.Task4-ECS-Zaeem",
      "mode": "managed",
      "type": "aws_iam_role_policy_attachment",
      "name": "ecs_execution_role_policy",
      "provider": "provider[\"registry.terraform.io/hashicorp/aws\"]",
      "instances": [
        {
          "schema_version": 0,
          "attributes": {
            "id": "ecsTaskExecutionRoleZaeem/arn:aws:iam::aws:policy/service-role/AmazonECSTaskExecutionRolePolicy",
            "policy_arn": "arn:aws:iam::aws:policy/service-role/AmazonECSTaskExecutionRolePolicy",
            "role": "ecsTaskExecutionRoleZaeem"
          },
          "sensitive_attributes": [],
          "identity_schema_version": 0,
          "identity": {
            "account_id": "504649076991",
            "policy_arn": "arn:aws:iam::aws:policy/service-role/AmazonECSTaskExecutionRolePolicy",
            "role": "ecsTaskExecutionRoleZaeem"
          },
          "private": "bnVsbA==",
          "dependencies": [
            "module.Task4-ECS-Zaeem.aws_iam_role.ecs_task_execution_role"
          ]
        }
      ]
    },
    {
      "module": "module.Task4-ECS-Zaeem",
      "mode": "managed",
      "type": "aws_security_group",
      "name": "rds_sg",
      "provider": "provider[\"registry.terraform.io/hashicorp/aws\"]",
      "instances": [
        {
          "schema_version": 1,
          "attributes": {
            "arn": "arn:aws:ec2:us-west-2:504649076991:security-group/sg-0b0952e5a762276cb",
            "description": "Allow access from ECS tasks",
            "egress": [
              {
                "cidr_blocks": [
                  "0.0.0.0/0"
                ],
                "description": "",
                "from_port": 0,
                "ipv6_cidr_blocks": [],
                "prefix_list_ids": [],
                "protocol": "-1",
                "security_groups": [],
                "self": false,
                "to_port": 0
              }
            ],
            "id": "sg-0b0952e5a762276cb",
            "ingress": [
              {
                "cidr_blocks": [],
                "description": "MySQL from ECS",
                "from_port": 3306,
                "ipv6_cidr_blocks": [],
                "prefix_list_ids": [],
                "protocol": "tcp",
                "security_groups": [
                  "sg-05c23daaf70330e2e"
                ],
                "self": false,
                "to_port": 3306
              }
            ],
            "name": "task4-rds-sg",
            "name_prefix": "",
            "owner_id": "504649076991",
            "region": "us-west-2",
            "revoke_rules_on_delete": false,
            "tags": {},
            "tags_all": {},
            "timeouts": null,
            "vpc_id": "vpc-07a1bacdbe68c95d8"
          },
          "sensitive_attributes": [],
          "identity_schema_version": 0,
          "identity": {
            "account_id": "504649076991",
            "id": "sg-0b0952e5a762276cb",
            "region": "us-west-2"
          },
          "private": "eyJlMmJmYjczMC1lY2FhLTExZTYtOGY4OC0zNDM2M2JjN2M0YzAiOnsiY3JlYXRlIjo2MDAwMDAwMDAwMDAsImRlbGV0ZSI6OTAwMDAwMDAwMDAwfSwic2NoZW1hX3ZlcnNpb24iOiIxIn0=",
          "dependencies": [
            "module.Task4-Network-zaeem.aws_vpc.Task4-vpc-zaeem",
            "module.Task4-SG-Zaeem.aws_security_group.Task4-SG-Zaeem"
          ]
        }
      ]
    },
    {
      "module": "module.Task4-Network-zaeem",
      "mode": "managed",
      "type": "aws_internet_gateway",
      "name": "Task4-igw-zaeem",
      "provider": "provider[\"registry.terraform.io/hashicorp/aws\"]",
      "instances": [
        {
          "schema_version": 0,
          "attributes": {
            "arn": "arn:aws:ec2:us-west-2:504649076991:internet-gateway/igw-069d1550a48769774",
            "id": "igw-069d1550a48769774",
            "owner_id": "504649076991",
            "region": "us-west-2",
            "tags": {
              "Name": "Task4-igw-zaeem"
            },
            "tags_all": {
              "Name": "Task4-igw-zaeem"
            },
            "timeouts": null,
            "vpc_id": "vpc-07a1bacdbe68c95d8"
          },
          "sensitive_attributes": [],
          "identity_schema_version": 0,
          "private": "eyJlMmJmYjczMC1lY2FhLTExZTYtOGY4OC0zNDM2M2JjN2M0YzAiOnsiY3JlYXRlIjoxMjAwMDAwMDAwMDAwLCJkZWxldGUiOjEyMDAwMDAwMDAwMDAsInVwZGF0ZSI6MTIwMDAwMDAwMDAwMH19",
          "dependencies": [
            "module.Task4-Network-zaeem.aws_vpc.Task4-vpc-zaeem"
          ]
        }
      ]
    },
    {
      "module": "module.Task4-Network-zaeem",
      "mode": "managed",
      "type": "aws_route_table",
      "name": "Task4-publicRT-zaeem",
      "provider": "provider[\"registry.terraform.io/hashicorp/aws\"]",
      "instances": [
        {
          "schema_version": 0,
          "attributes": {
            "arn": "arn:aws:ec2:us-west-2:504649076991:route-table/rtb-0dcdc95f699c0c758",
            "id": "rtb-0dcdc95f699c0c758",
            "owner_id": "504649076991",
            "propagating_vgws": [],
            "region": "us-west-2",
            "route": [
              {
                "carrier_gateway_id": "",
                "cidr_block": "0.0.0.0/0",
                "core_network_arn": "",
                "destination_prefix_list_id": "",
                "egress_only_gateway_id": "",
                "gateway_id": "igw-069d1550a48769774",
                "ipv6_cidr_block": "",
                "local_gateway_id": "",
                "nat_gateway_id": "",
                "network_interface_id": "",
                "transit_gateway_id": "",
                "vpc_endpoint_id": "",
                "vpc_peering_connection_id": ""
              }
            ],
            "tags": {
              "Name": "Task4-publicRT-zaeem"
            },
            "tags_all": {
              "Name": "Task4-publicRT-zaeem"
            },
            "timeouts": null,
            "vpc_id": "vpc-07a1bacdbe68c95d8"
          },
          "sensitive_attributes": [],
          "identity_schema_version": 0,
          "identity": {
            "account_id": "504649076991",
            "id": "rtb-0dcdc95f699c0c758",
            "region": "us-west-2"
          },
          "private": "eyJlMmJmYjczMC1lY2FhLTExZTYtOGY4OC0zNDM2M2JjN2M0YzAiOnsiY3JlYXRlIjozMDAwMDAwMDAwMDAsImRlbGV0ZSI6MzAwMDAwMDAwMDAwLCJ1cGRhdGUiOjEyMDAwMDAwMDAwMH19",
          "dependencies": [
            "module.Task4-Network-zaeem.aws_internet_gateway.Task4-igw-zaeem",
            "module.Task4-Network-zaeem.aws_vpc.Task4-vpc-zaeem"
          ]
        }
      ]
    },
    {
      "module": "module.Task4-Network-zaeem",
      "mode": "managed",
      "type": "aws_route_table_association",
      "name": "Task4-publicRTA-A-zaeem",
      "provider": "provider[\"registry.terraform.io/hashicorp/aws\"]",
      "instances": [
        {
          "schema_version": 0,
          "attributes": {
            "gateway_id": "",
            "id": "rtbassoc-013e7c7fc505e09cb",
            "region": "us-west-2",
            "route_table_id": "rtb-0dcdc95f699c0c758",
            "subnet_id": "subnet-0c17f4818a6ca789b",
            "timeouts": null
          },
          "sensitive_attributes": [],
          "identity_schema_version": 0,
          "private": "eyJlMmJmYjczMC1lY2FhLTExZTYtOGY4OC0zNDM2M2JjN2M0YzAiOnsiY3JlYXRlIjozMDAwMDAwMDAwMDAsImRlbGV0ZSI6MzAwMDAwMDAwMDAwLCJ1cGRhdGUiOjEyMDAwMDAwMDAwMH19",
          "dependencies": [
            "module.Task4-Network-zaeem.aws_internet_gateway.Task4-igw-zaeem",
            "module.Task4-Network-zaeem.aws_route_table.Task4-publicRT-zaeem",
            "module.Task4-Network-zaeem.aws_subnet.Task4-publicSNA-zaeem",
            "module.Task4-Network-zaeem.aws_vpc.Task4-vpc-zaeem"
          ]
        }
      ]
    },
    {
      "module": "module.Task4-Network-zaeem",
      "mode": "managed",
      "type": "aws_route_table_association",
      "name": "Task4-publicRTA-B-zaeem",
      "provider": "provider[\"registry.terraform.io/hashicorp/aws\"]",
      "instances": [
        {
          "schema_version": 0,
          "attributes": {
            "gateway_id": "",
            "id": "rtbassoc-0a75e5515c17b8058",
            "region": "us-west-2",
            "route_table_id": "rtb-0dcdc95f699c0c758",
            "subnet_id": "subnet-029b88bd381a2683e",
            "timeouts": null
          },
          "sensitive_attributes": [],
          "identity_schema_version": 0,
          "private": "eyJlMmJmYjczMC1lY2FhLTExZTYtOGY4OC0zNDM2M2JjN2M0YzAiOnsiY3JlYXRlIjozMDAwMDAwMDAwMDAsImRlbGV0ZSI6MzAwMDAwMDAwMDAwLCJ1cGRhdGUiOjEyMDAwMDAwMDAwMH19",
          "dependencies": [
            "module.Task4-Network-zaeem.aws_internet_gateway.Task4-igw-zaeem",
            "module.Task4-Network-zaeem.aws_route_table.Task4-publicRT-zaeem",
            "module.Task4-Network-zaeem.aws_subnet.Task4-publicSNB-zaeem",
            "module.Task4-Network-zaeem.aws_vpc.Task4-vpc-zaeem"
          ]
        }
      ]
    },
    {
      "module": "module.Task4-Network-zaeem",
      "mode": "managed",
      "type": "aws_subnet",
      "name": "Task4-publicSNA-zaeem",
      "provider": "provider[\"registry.terraform.io/hashicorp/aws\"]",
      "instances": [
        {
          "schema_version": 1,
          "attributes": {
            "arn": "arn:aws:ec2:us-west-2:504649076991:subnet/subnet-0c17f4818a6ca789b",
            "assign_ipv6_address_on_creation": false,
            "availability_zone": "us-west-2a",
            "availability_zone_id": "usw2-az1",
            "cidr_block": "10.0.1.0/24",
            "customer_owned_ipv4_pool": "",
            "enable_dns64": false,
            "enable_lni_at_device_index": 0,
            "enable_resource_name_dns_a_record_on_launch": false,
            "enable_resource_name_dns_aaaa_record_on_launch": false,
            "id": "subnet-0c17f4818a6ca789b",
            "ipv6_cidr_block": "",
            "ipv6_cidr_block_association_id": "",
            "ipv6_native": false,
            "map_customer_owned_ip_on_launch": false,
            "map_public_ip_on_launch": false,
            "outpost_arn": "",
            "owner_id": "504649076991",
            "private_dns_hostname_type_on_launch": "ip-name",
            "region": "us-west-2",
            "tags": {
              "Name": "Task4-publicSN-zaeem"
            },
            "tags_all": {
              "Name": "Task4-publicSN-zaeem"
            },
            "timeouts": null,
            "vpc_id": "vpc-07a1bacdbe68c95d8"
          },
          "sensitive_attributes": [],
          "identity_schema_version": 0,
          "identity": {
            "account_id": "504649076991",
            "id": "subnet-0c17f4818a6ca789b",
            "region": "us-west-2"
          },
          "private": "eyJlMmJmYjczMC1lY2FhLTExZTYtOGY4OC0zNDM2M2JjN2M0YzAiOnsiY3JlYXRlIjo2MDAwMDAwMDAwMDAsImRlbGV0ZSI6MTIwMDAwMDAwMDAwMH0sInNjaGVtYV92ZXJzaW9uIjoiMSJ9",
          "dependencies": [
            "module.Task4-Network-zaeem.aws_vpc.Task4-vpc-zaeem"
          ]
        }
      ]
    },
    {
      "module": "module.Task4-Network-zaeem",
      "mode": "managed",
      "type": "aws_subnet",
      "name": "Task4-publicSNB-zaeem",
      "provider": "provider[\"registry.terraform.io/hashicorp/aws\"]",
      "instances": [
        {
          "schema_version": 1,
          "attributes": {
            "arn": "arn:aws:ec2:us-west-2:504649076991:subnet/subnet-029b88bd381a2683e",
            "assign_ipv6_address_on_creation": false,
            "availability_zone": "us-west-2b",
            "availability_zone_id": "usw2-az2",
            "cidr_block": "10.0.2.0/24",
            "customer_owned_ipv4_pool": "",
            "enable_dns64": false,
            "enable_lni_at_device_index": 0,
            "enable_resource_name_dns_a_record_on_launch": false,
            "enable_resource_name_dns_aaaa_record_on_launch": false,
            "id": "subnet-029b88bd381a2683e",
            "ipv6_cidr_block": "",
            "ipv6_cidr_block_association_id": "",
            "ipv6_native": false,
            "map_customer_owned_ip_on_launch": false,
            "map_public_ip_on_launch": false,
            "outpost_arn": "",
            "owner_id": "504649076991",
            "private_dns_hostname_type_on_launch": "ip-name",
            "region": "us-west-2",
            "tags": {
              "Name": "Task4-publicSN-zaeem"
            },
            "tags_all": {
              "Name": "Task4-publicSN-zaeem"
            },
            "timeouts": null,
            "vpc_id": "vpc-07a1bacdbe68c95d8"
          },
          "sensitive_attributes": [],
          "identity_schema_version": 0,
          "identity": {
            "account_id": "504649076991",
            "id": "subnet-029b88bd381a2683e",
            "region": "us-west-2"
          },
          "private": "eyJlMmJmYjczMC1lY2FhLTExZTYtOGY4OC0zNDM2M2JjN2M0YzAiOnsiY3JlYXRlIjo2MDAwMDAwMDAwMDAsImRlbGV0ZSI6MTIwMDAwMDAwMDAwMH0sInNjaGVtYV92ZXJzaW9uIjoiMSJ9",
          "dependencies": [
            "module.Task4-Network-zaeem.aws_vpc.Task4-vpc-zaeem"
          ]
        }
      ]
    },
    {
      "module": "module.Task4-Network-zaeem",
      "mode": "managed",
      "type": "aws_vpc",
      "name": "Task4-vpc-zaeem",
      "provider": "provider[\"registry.terraform.io/hashicorp/aws\"]",
      "instances": [
        {
          "schema_version": 1,
          "attributes": {
            "arn": "arn:aws:ec2:us-west-2:504649076991:vpc/vpc-07a1bacdbe68c95d8",
            "assign_generated_ipv6_cidr_block": false,
            "cidr_block": "10.0.0.0/16",
            "default_network_acl_id": "acl-07229e041a53302d9",
            "default_route_table_id": "rtb-0bd2a1a632930ef36",
            "default_security_group_id": "sg-08c68ce9c6760af34",
            "dhcp_options_id": "dopt-04ce359903ec5a75b",
            "enable_dns_hostnames": false,
            "enable_dns_support": true,
            "enable_network_address_usage_metrics": false,
            "id": "vpc-07a1bacdbe68c95d8",
            "instance_tenancy": "default",
            "ipv4_ipam_pool_id": null,
            "ipv4_netmask_length": null,
            "ipv6_association_id": "",
            "ipv6_cidr_block": "",
            "ipv6_cidr_block_network_border_group": "",
            "ipv6_ipam_pool_id": "",
            "ipv6_netmask_length": 0,
            "main_route_table_id": "rtb-0bd2a1a632930ef36",
            "owner_id": "504649076991",
            "region": "us-west-2",
            "tags": {
              "Name": "Task4-vpc-zaeem"
            },
            "tags_all": {
              "Name": "Task4-vpc-zaeem"
            }
          },
          "sensitive_attributes": [],
          "identity_schema_version": 0,
          "identity": {
            "account_id": "504649076991",
            "id": "vpc-07a1bacdbe68c95d8",
            "region": "us-west-2"
          },
          "private": "eyJzY2hlbWFfdmVyc2lvbiI6IjEifQ=="
        }
      ]
    },
    {
      "module": "module.Task4-SG-Zaeem",
      "mode": "managed",
      "type": "aws_security_group",
      "name": "Task4-SG-Zaeem",
      "provider": "provider[\"registry.terraform.io/hashicorp/aws\"]",
      "instances": [
        {
          "schema_version": 1,
          "attributes": {
            "arn": "arn:aws:ec2:us-west-2:504649076991:security-group/sg-05c23daaf70330e2e",
            "description": "Security group for Task4",
            "egress": [
              {
                "cidr_blocks": [
                  "0.0.0.0/0"
                ],
                "description": "",
                "from_port": 0,
                "ipv6_cidr_blocks": [],
                "prefix_list_ids": [],
                "protocol": "-1",
                "security_groups": [],
                "self": false,
                "to_port": 0
              }
            ],
            "id": "sg-05c23daaf70330e2e",
            "ingress": [
              {
                "cidr_blocks": [
                  "0.0.0.0/0"
                ],
                "description": "",
                "from_port": 22,
                "ipv6_cidr_blocks": [],
                "prefix_list_ids": [],
                "protocol": "tcp",
                "security_groups": [],
                "self": false,
                "to_port": 22
              },
              {
                "cidr_blocks": [
                  "0.0.0.0/0"
                ],
                "description": "",
                "from_port": 80,
                "ipv6_cidr_blocks": [],
                "prefix_list_ids": [],
                "protocol": "tcp",
                "security_groups": [],
                "self": false,
                "to_port": 80
              }
            ],
            "name": "Task4-SG-Zaeem",
            "name_prefix": "",
            "owner_id": "504649076991",
            "region": "us-west-2",
            "revoke_rules_on_delete": false,
            "tags": {},
            "tags_all": {},
            "timeouts": null,
            "vpc_id": "vpc-07a1bacdbe68c95d8"
          },
          "sensitive_attributes": [],
          "identity_schema_version": 0,
          "identity": {
            "account_id": "504649076991",
            "id": "sg-05c23daaf70330e2e",
            "region": "us-west-2"
          },
          "private": "eyJlMmJmYjczMC1lY2FhLTExZTYtOGY4OC0zNDM2M2JjN2M0YzAiOnsiY3JlYXRlIjo2MDAwMDAwMDAwMDAsImRlbGV0ZSI6OTAwMDAwMDAwMDAwfSwic2NoZW1hX3ZlcnNpb24iOiIxIn0=",
          "dependencies": [
            "module.Task4-Network-zaeem.aws_vpc.Task4-vpc-zaeem"
          ]
        }
      ]
    }
  ],
  "check_results": null
}
